on: [workflow_dispatch]
name: Deploy Gutenberg Blocks PRODUCTION WP Engine server
jobs:
  preparing-workflow-to-deploy:
    runs-on: ubuntu-latest
    steps:
      - name: "add: 🔐 Install SSH key"
        uses: shimataro/ssh-key-action@v2
        with:
          key: ${{ secrets.PRIVATE_SSH }}
          known_hosts: ${{ secrets.KNOWN_HOSTS }}
      - name: "checkout: 🚀 switch branch to develop"
        uses: actions/checkout@v2
        with:
          ref: develop
      - name: "add: 🪢 Bundling the Gutenberg blocks build assets"
        run: |
          cd wp-content/mu-plugins/gamblino-blocks
          rm -rf dist node_modules build
          npm install --global yarn
          yarn
          yarn prod
      - name: "move: 🚚 rsync SSH by copying Gutenberg Blocks to the production server"
        run: rsync -a wp-content/mu-plugins/gamblino-blocks/*** gamblino@gamblino.ssh.wpengine.net:/home/wpe-user/sites/gamblino/wp-content/mu-plugins/gamblino-blocks
